
Microsoft Visual Studio Solution File, Format Version 12.00
# Visual Studio 2012
Project("{FAE04EC0-301F-11D3-BF4B-00C04F79EFBC}") = "Mod1_Lab3", "Mod1_Lab3\Mod1_Lab3.csproj", "{A2FA4470-8B2F-49D5-BD17-CEEC1427D598}"
EndProject
Global
	GlobalSection(SolutionConfigurationPlatforms) = preSolution
		Debug|x86 = Debug|x86
		Release|x86 = Release|x86
	EndGlobalSection
	GlobalSection(ProjectConfigurationPlatforms) = postSolution
		{A2FA4470-8B2F-49D5-BD17-CEEC1427D598}.Debug|x86.ActiveCfg = Debug|x86
		{A2FA4470-8B2F-49D5-BD17-CEEC1427D598}.Debug|x86.Build.0 = Debug|x86
		{A2FA4470-8B2F-49D5-BD17-CEEC1427D598}.Release|x86.ActiveCfg = Release|x86
		{A2FA4470-8B2F-49D5-BD17-CEEC1427D598}.Release|x86.Build.0 = Release|x86
	EndGlobalSection
EndGlobal
